// !$*UTF8*$!
{
	archiveVersion = 1;
	classes = {
	};
	objectVersion = 46;
	objects = {

/* Begin PBXBuildFile section */
		3E02C5F91CA41D6F00FB5062 /* ThirdVC.swift in Sources */ = {isa = PBXBuildFile; fileRef = 3E02C5F71CA41D6F00FB5062 /* ThirdVC.swift */; };
		3E02C5FA1CA41D6F00FB5062 /* ThirdVC.xib in Resources */ = {isa = PBXBuildFile; fileRef = 3E02C5F81CA41D6F00FB5062 /* ThirdVC.xib */; };
		3E02C5FC1CA4292B00FB5062 /* MainVC.swift in Sources */ = {isa = PBXBuildFile; fileRef = 3E02C5FB1CA4292B00FB5062 /* MainVC.swift */; };
		3E44FD141CA4175A00A1B5E4 /* SecondVC.swift in Sources */ = {isa = PBXBuildFile; fileRef = 3E44FD121CA4175A00A1B5E4 /* SecondVC.swift */; };
		3E44FD151CA4175A00A1B5E4 /* SecondVC.xib in Resources */ = {isa = PBXBuildFile; fileRef = 3E44FD131CA4175A00A1B5E4 /* SecondVC.xib */; };
		3EFD3B4D1CA142CD00EB5896 /* AppDelegate.swift in Sources */ = {isa = PBXBuildFile; fileRef = 3EFD3B4C1CA142CD00EB5896 /* AppDelegate.swift */; };
		3EFD3B4F1CA142CD00EB5896 /* FirstVC.swift in Sources */ = {isa = PBXBuildFile; fileRef = 3EFD3B4E1CA142CD00EB5896 /* FirstVC.swift */; };
		3EFD3B541CA142CD00EB5896 /* Assets.xcassets in Resources */ = {isa = PBXBuildFile; fileRef = 3EFD3B531CA142CD00EB5896 /* Assets.xcassets */; };
		3EFD3B571CA142CD00EB5896 /* LaunchScreen.storyboard in Resources */ = {isa = PBXBuildFile; fileRef = 3EFD3B551CA142CD00EB5896 /* LaunchScreen.storyboard */; };
		3EFD3B621CA14AF100EB5896 /* FirstVC.xib in Resources */ = {isa = PBXBuildFile; fileRef = 3EFD3B611CA14AF100EB5896 /* FirstVC.xib */; };
/* End PBXBuildFile section */

/* Begin PBXFileReference section */
		3E02C5F71CA41D6F00FB5062 /* ThirdVC.swift */ = {isa = PBXFileReference; fileEncoding = 4; lastKnownFileType = sourcecode.swift; path = ThirdVC.swift; sourceTree = "<group>"; };
		3E02C5F81CA41D6F00FB5062 /* ThirdVC.xib */ = {isa = PBXFileReference; fileEncoding = 4; lastKnownFileType = file.xib; path = ThirdVC.xib; sourceTree = "<group>"; };
		3E02C5FB1CA4292B00FB5062 /* MainVC.swift */ = {isa = PBXFileReference; fileEncoding = 4; lastKnownFileType = sourcecode.swift; path = MainVC.swift; sourceTree = "<group>"; };
		3E44FD121CA4175A00A1B5E4 /* SecondVC.swift */ = {isa = PBXFileReference; fileEncoding = 4; lastKnownFileType = sourcecode.swift; path = SecondVC.swift; sourceTree = "<group>"; };
		3E44FD131CA4175A00A1B5E4 /* SecondVC.xib */ = {isa = PBXFileReference; fileEncoding = 4; lastKnownFileType = file.xib; path = SecondVC.xib; sourceTree = "<group>"; };
		3EFD3B491CA142CD00EB5896 /* no-storyboard-exercise.app */ = {isa = PBXFileReference; explicitFileType = wrapper.application; includeInIndex = 0; path = "no-storyboard-exercise.app"; sourceTree = BUILT_PRODUCTS_DIR; };
		3EFD3B4C1CA142CD00EB5896 /* AppDelegate.swift */ = {isa = PBXFileReference; lastKnownFileType = sourcecode.swift; path = AppDelegate.swift; sourceTree = "<group>"; };
		3EFD3B4E1CA142CD00EB5896 /* FirstVC.swift */ = {isa = PBXFileReference; lastKnownFileType = sourcecode.swift; path = FirstVC.swift; sourceTree = "<group>"; };
		3EFD3B531CA142CD00EB5896 /* Assets.xcassets */ = {isa = PBXFileReference; lastKnownFileType = folder.assetcatalog; path = Assets.xcassets; sourceTree = "<group>"; };
		3EFD3B561CA142CD00EB5896 /* Base */ = {isa = PBXFileReference; lastKnownFileType = file.storyboard; name = Base; path = Base.lproj/LaunchScreen.storyboard; sourceTree = "<group>"; };
		3EFD3B581CA142CD00EB5896 /* Info.plist */ = {isa = PBXFileReference; lastKnownFileType = text.plist.xml; path = Info.plist; sourceTree = "<group>"; };
		3EFD3B611CA14AF100EB5896 /* FirstVC.xib */ = {isa = PBXFileReference; fileEncoding = 4; lastKnownFileType = file.xib; path = FirstVC.xib; sourceTree = "<group>"; };
/* End PBXFileReference section */

/* Begin PBXFrameworksBuildPhase section */
		3EFD3B461CA142CC00EB5896 /* Frameworks */ = {
			isa = PBXFrameworksBuildPhase;
			buildActionMask = 2147483647;
			files = (
			);
			runOnlyForDeploymentPostprocessing = 0;
		};
/* End PBXFrameworksBuildPhase section */

/* Begin PBXGroup section */
		3EFD3B401CA142CC00EB5896 = {
			isa = PBXGroup;
			children = (
				3EFD3B4B1CA142CD00EB5896 /* no-storyboard-exercise */,
				3EFD3B4A1CA142CD00EB5896 /* Products */,
			);
			sourceTree = "<group>";
		};
		3EFD3B4A1CA142CD00EB5896 /* Products */ = {
			isa = PBXGroup;
			children = (
				3EFD3B491CA142CD00EB5896 /* no-storyboard-exercise.app */,
			);
			name = Products;
			sourceTree = "<group>";
		};
		3EFD3B4B1CA142CD00EB5896 /* no-storyboard-exercise */ = {
			isa = PBXGroup;
			children = (
				3EFD3B601CA14ABE00EB5896 /* Controller */,
				3EFD3B5F1CA14AB600EB5896 /* View */,
				3EFD3B5E1CA14AAE00EB5896 /* Model */,
				3EFD3B4C1CA142CD00EB5896 /* AppDelegate.swift */,
				3EFD3B531CA142CD00EB5896 /* Assets.xcassets */,
				3EFD3B551CA142CD00EB5896 /* LaunchScreen.storyboard */,
				3EFD3B581CA142CD00EB5896 /* Info.plist */,
			);
			path = "no-storyboard-exercise";
			sourceTree = "<group>";
		};
		3EFD3B5E1CA14AAE00EB5896 /* Model */ = {
			isa = PBXGroup;
			children = (
			);
			name = Model;
			sourceTree = "<group>";
		};
		3EFD3B5F1CA14AB600EB5896 /* View */ = {
			isa = PBXGroup;
			children = (
				3EFD3B611CA14AF100EB5896 /* FirstVC.xib */,
				3E44FD131CA4175A00A1B5E4 /* SecondVC.xib */,
				3E02C5F81CA41D6F00FB5062 /* ThirdVC.xib */,
			);
			name = View;
			sourceTree = "<group>";
		};
		3EFD3B601CA14ABE00EB5896 /* Controller */ = {
			isa = PBXGroup;
			children = (
				3EFD3B4E1CA142CD00EB5896 /* FirstVC.swift */,
				3E44FD121CA4175A00A1B5E4 /* SecondVC.swift */,
				3E02C5F71CA41D6F00FB5062 /* ThirdVC.swift */,
				3E02C5FB1CA4292B00FB5062 /* MainVC.swift */,
			);
			name = Controller;
			sourceTree = "<group>";
		};
/* End PBXGroup section */

/* Begin PBXNativeTarget section */
		3EFD3B481CA142CC00EB5896 /* no-storyboard-exercise */ = {
			isa = PBXNativeTarget;
			buildConfigurationList = 3EFD3B5B1CA142CD00EB5896 /* Build configuration list for PBXNativeTarget "no-storyboard-exercise" */;
			buildPhases = (
				3EFD3B451CA142CC00EB5896 /* Sources */,
				3EFD3B461CA142CC00EB5896 /* Frameworks */,
				3EFD3B471CA142CC00EB5896 /* Resources */,
			);
			buildRules = (
			);
			dependencies = (
			);
			name = "no-storyboard-exercise";
			productName = "no-storyboard-exercise";
			productReference = 3EFD3B491CA142CD00EB5896 /* no-storyboard-exercise.app */;
			productType = "com.apple.product-type.application";
		};
/* End PBXNativeTarget section */

/* Begin PBXProject section */
		3EFD3B411CA142CC00EB5896 /* Project object */ = {
			isa = PBXProject;
			attributes = {
				LastSwiftUpdateCheck = 0720;
				LastUpgradeCheck = 0720;
				ORGANIZATIONNAME = Siddiqa;
				TargetAttributes = {
					3EFD3B481CA142CC00EB5896 = {
						CreatedOnToolsVersion = 7.2;
					};
				};
			};
			buildConfigurationList = 3EFD3B441CA142CC00EB5896 /* Build configuration list for PBXProject "no-storyboard-exercise" */;
			compatibilityVersion = "Xcode 3.2";
			developmentRegion = English;
			hasScannedForEncodings = 0;
			knownRegions = (
				en,
				Base,
			);
			mainGroup = 3EFD3B401CA142CC00EB5896;
			productRefGroup = 3EFD3B4A1CA142CD00EB5896 /* Products */;
			projectDirPath = "";
			projectRoot = "";
			targets = (
				3EFD3B481CA142CC00EB5896 /* no-storyboard-exercise */,
			);
		};
/* End PBXProject section */

/* Begin PBXResourcesBuildPhase section */
		3EFD3B471CA142CC00EB5896 /* Resources */ = {
			isa = PBXResourcesBuildPhase;
			buildActionMask = 2147483647;
			files = (
				3EFD3B571CA142CD00EB5896 /* LaunchScreen.storyboard in Resources */,
				3EFD3B621CA14AF100EB5896 /* FirstVC.xib in Resources */,
				3E44FD151CA4175A00A1B5E4 /* SecondVC.xib in Resources */,
				3EFD3B541CA142CD00EB5896 /* Assets.xcassets in Resources */,
				3E02C5FA1CA41D6F00FB5062 /* ThirdVC.xib in Resources */,
			);
			runOnlyForDeploymentPostprocessing = 0;
		};
/* End PBXResourcesBuildPhase section */

/* Begin PBXSourcesBuildPhase section */
		3EFD3B451CA142CC00EB5896 /* Sources */ = {
			isa = PBXSourcesBuildPhase;
			buildActionMask = 2147483647;
			files = (
				3E02C5F91CA41D6F00FB5062 /* ThirdVC.swift in Sources */,
				3E02C5FC1CA4292B00FB5062 /* MainVC.swift in Sources */,
				3EFD3B4F1CA142CD00EB5896 /* FirstVC.swift in Sources */,
				3E44FD141CA4175A00A1B5E4 /* SecondVC.swift in Sources */,
				3EFD3B4D1CA142CD00EB5896 /* AppDelegate.swift in Sources */,
			);
			runOnlyForDeploymentPostprocessing = 0;
		};
/* End PBXSourcesBuildPhase section */

/* Begin PBXVariantGroup section */
		3EFD3B551CA142CD00EB5896 /* LaunchScreen.storyboard */ = {
			isa = PBXVariantGroup;
			children = (
				3EFD3B561CA142CD00EB5896 /* Base */,
			);
			name = LaunchScreen.storyboard;
			sourceTree = "<group>";
		};
/* End PBXVariantGroup section */

/* Begin XCBuildConfiguration section */
		3EFD3B591CA142CD00EB5896 /* Debug */ = {
			isa = XCBuildConfiguration;
			buildSettings = {
				ALWAYS_SEARCH_USER_PATHS = NO;
				CLANG_CXX_LANGUAGE_STANDARD = "gnu++0x";
				CLANG_CXX_LIBRARY = "libc++";
				CLANG_ENABLE_MODULES = YES;
				CLANG_ENABLE_OBJC_ARC = YES;
				CLANG_WARN_BOOL_CONVERSION = YES;
				CLANG_WARN_CONSTANT_CONVERSION = YES;
				CLANG_WARN_DIRECT_OBJC_ISA_USAGE = YES_ERROR;
				CLANG_WARN_EMPTY_BODY = YES;
				CLANG_WARN_ENUM_CONVERSION = YES;
				CLANG_WARN_INT_CONVERSION = YES;
				CLANG_WARN_OBJC_ROOT_CLASS = YES_ERROR;
				CLANG_WARN_UNREACHABLE_CODE = YES;
				CLANG_WARN__DUPLICATE_METHOD_MATCH = YES;
				"CODE_SIGN_IDENTITY[sdk=iphoneos*]" = "iPhone Developer";
				COPY_PHASE_STRIP = NO;
				DEBUG_INFORMATION_FORMAT = dwarf;
				ENABLE_STRICT_OBJC_MSGSEND = YES;
				ENABLE_TESTABILITY = YES;
				GCC_C_LANGUAGE_STANDARD = gnu99;
				GCC_DYNAMIC_NO_PIC = NO;
				GCC_NO_COMMON_BLOCKS = YES;
				GCC_OPTIMIZATION_LEVEL = 0;
				GCC_PREPROCESSOR_DEFINITIONS = (
					"DEBUG=1",
					"$(inherited)",
				);
				GCC_WARN_64_TO_32_BIT_CONVERSION = YES;
				GCC_WARN_ABOUT_RETURN_TYPE = YES_ERROR;
				GCC_WARN_UNDECLARED_SELECTOR = YES;
				GCC_WARN_UNINITIALIZED_AUTOS = YES_AGGRESSIVE;
				GCC_WARN_UNUSED_FUNCTION = YES;
				GCC_WARN_UNUSED_VARIABLE = YES;
				IPHONEOS_DEPLOYMENT_TARGET = 9.2;
				MTL_ENABLE_DEBUG_INFO = YES;
				ONLY_ACTIVE_ARCH = YES;
				SDKROOT = iphoneos;
				SWIFT_OPTIMIZATION_LEVEL = "-Onone";
				TARGETED_DEVICE_FAMILY = "1,2";
			};
			name = Debug;
		};
		3EFD3B5A1CA142CD00EB5896 /* Release */ = {
			isa = XCBuildConfiguration;
			buildSettings = {
				ALWAYS_SEARCH_USER_PATHS = NO;
				CLANG_CXX_LANGUAGE_STANDARD = "gnu++0x";
				CLANG_CXX_LIBRARY = "libc++";
				CLANG_ENABLE_MODULES = YES;
				CLANG_ENABLE_OBJC_ARC = YES;
				CLANG_WARN_BOOL_CONVERSION = YES;
				CLANG_WARN_CONSTANT_CONVERSION = YES;
				CLANG_WARN_DIRECT_OBJC_ISA_USAGE = YES_ERROR;
				CLANG_WARN_EMPTY_BODY = YES;
				CLANG_WARN_ENUM_CONVERSION = YES;
				CLANG_WARN_INT_CONVERSION = YES;
				CLANG_WARN_OBJC_ROOT_CLASS = YES_ERROR;
				CLANG_WARN_UNREACHABLE_CODE = YES;
				CLANG_WARN__DUPLICATE_METHOD_MATCH = YES;
				"CODE_SIGN_IDENTITY[sdk=iphoneos*]" = "iPhone Developer";
				COPY_PHASE_STRIP = NO;
				DEBUG_INFORMATION_FORMAT = "dwarf-with-dsym";
				ENABLE_NS_ASSERTIONS = NO;
				ENABLE_STRICT_OBJC_MSGSEND = YES;
				GCC_C_LANGUAGE_STANDARD = gnu99;
				GCC_NO_COMMON_BLOCKS = YES;
				GCC_WARN_64_TO_32_BIT_CONVERSION = YES;
				GCC_WARN_ABOUT_RETURN_TYPE = YES_ERROR;
				GCC_WARN_UNDECLARED_SELECTOR = YES;
				GCC_WARN_UNINITIALIZED_AUTOS = YES_AGGRESSIVE;
				GCC_WARN_UNUSED_FUNCTION = YES;
				GCC_WARN_UNUSED_VARIABLE = YES;
				IPHONEOS_DEPLOYMENT_TARGET = 9.2;
				MTL_ENABLE_DEBUG_INFO = NO;
				SDKROOT = iphoneos;
				TARGETED_DEVICE_FAMILY = "1,2";
				VALIDATE_PRODUCT = YES;
			};
			name = Release;
		};
		3EFD3B5C1CA142CD00EB5896 /* Debug */ = {
			isa = XCBuildConfiguration;
			buildSettings = {
				ASSETCATALOG_COMPILER_APPICON_NAME = AppIcon;
				INFOPLIST_FILE = "no-storyboard-exercise/Info.plist";
				LD_RUNPATH_SEARCH_PATHS = "$(inherited) @executable_path/Frameworks";
				PRODUCT_BUNDLE_IDENTIFIER = "com.greylabs.no-storyboard-exercise";
				PRODUCT_NAME = "$(TARGET_NAME)";
			};
			name = Debug;
		};
		3EFD3B5D1CA142CD00EB5896 /* Release */ = {
			isa = XCBuildConfiguration;
			buildSettings = {
				ASSETCATALOG_COMPILER_APPICON_NAME = AppIcon;
				INFOPLIST_FILE = "no-storyboard-exercise/Info.plist";
				LD_RUNPATH_SEARCH_PATHS = "$(inherited) @executable_path/Frameworks";
				PRODUCT_BUNDLE_IDENTIFIER = "com.greylabs.no-storyboard-exercise";
				PRODUCT_NAME = "$(TARGET_NAME)";
			};
			name = Release;
		};
/* End XCBuildConfiguration section */

/* Begin XCConfigurationList section */
		3EFD3B441CA142CC00EB5896 /* Build configuration list for PBXProject "no-storyboard-exercise" */ = {
			isa = XCConfigurationList;
			buildConfigurations = (
				3EFD3B591CA142CD00EB5896 /* Debug */,
				3EFD3B5A1CA142CD00EB5896 /* Release */,
			);
			defaultConfigurationIsVisible = 0;
			defaultConfigurationName = Release;
		};
		3EFD3B5B1CA142CD00EB5896 /* Build configuration list for PBXNativeTarget "no-storyboard-exercise" */ = {
			isa = XCConfigurationList;
			buildConfigurations = (
				3EFD3B5C1CA142CD00EB5896 /* Debug */,
				3EFD3B5D1CA142CD00EB5896 /* Release */,
			);
			defaultConfigurationIsVisible = 0;
			defaultConfigurationName = Release;
		};
/* End XCConfigurationList section */
	};
	rootObject = 3EFD3B411CA142CC00EB5896 /* Project object */;
}
